# This file is autogenerated, do not edit; changes may be undone by the next 'dep ensure'.


[[projects]]
  digest = "1:9f3b30d9f8e0d7040f729b82dcbc8f0dead820a133b3147ce355fc451f32d761"
  name = "github.com/BurntSushi/toml"
  packages = ["."]
  pruneopts = "UT"
  revision = "3012a1dbe2e4bd1391d42b32f0577cb7bbc7f005"
  version = "v0.3.1"

[[projects]]
  branch = "master"
  digest = "1:ef5b0622d834c139454148b8fd0c92bb314828900532b267ae62da9fec109866"
  name = "github.com/armon/go-metrics"
  packages = ["."]
  pruneopts = "UT"
  revision = "f0300d1749da6fa982027e449ec0c7a145510c3c"

[[projects]]
  branch = "master"
  digest = "1:926e855677231036ee4b21428ada95a3ca4c0f2b9341258387e9cdb446119da2"
  name = "github.com/buraksezer/consistent"
  packages = ["."]
  pruneopts = "UT"
  revision = "e350faaa211d724fbe40768fc5e6d8ad513a5ab4"

[[projects]]
  digest = "1:ed2c2283337727ed96e47dc5081ddfa5ffbff718d30a87e68059e633a426e0de"
  name = "github.com/buraksezer/pool"
  packages = ["."]
  pruneopts = "UT"
  revision = "830a0f4759206ca695bc91927303867a1ba951bc"
  version = "v3.0.0"

[[projects]]
  digest = "1:998cf998358a303ac2430c386ba3fd3398477d6013153d3c6e11432765cc9ae6"
  name = "github.com/cespare/xxhash"
  packages = ["."]
  pruneopts = "UT"
  revision = "3b82fb7d186719faeedd0c2864f868c74fbf79a1"
  version = "v2.0.0"

[[projects]]
  digest = "1:b95738a1e6ace058b5b8544303c0871fc01d224ef0d672f778f696265d0f2917"
  name = "github.com/chzyer/readline"
  packages = ["."]
  pruneopts = "UT"
  revision = "62c6fe6193755f722b8b8788aa7357be55a50ff1"
  version = "v1.4"

[[projects]]
  digest = "1:318f1c959a8a740366fce4b1e1eb2fd914036b4af58fbd0a003349b305f118ad"
  name = "github.com/golang/protobuf"
  packages = ["proto"]
  pruneopts = "UT"
  revision = "b5d812f8a3706043e23a9cd5babf2e5423744d30"
  version = "v1.3.1"

[[projects]]
  branch = "master"
  digest = "1:0bfbe13936953a98ae3cfe8ed6670d396ad81edf069a806d2f6515d7bb6950df"
  name = "github.com/google/btree"
  packages = ["."]
  pruneopts = "UT"
  revision = "4030bb1f1f0c35b30ca7009e9ebd06849dd45306"

[[projects]]
  digest = "1:0ade334594e69404d80d9d323445d2297ff8161637f9b2d347cc6973d2d6f05b"
  name = "github.com/hashicorp/errwrap"
  packages = ["."]
  pruneopts = "UT"
  revision = "8a6fb523712970c966eefc6b39ed2c5e74880354"
  version = "v1.0.0"

[[projects]]
  digest = "1:2be5a35f0c5b35162c41bb24971e5dcf6ce825403296ee435429cdcc4e1e847e"
  name = "github.com/hashicorp/go-immutable-radix"
  packages = ["."]
  pruneopts = "UT"
  revision = "27df80928bb34bb1b0d6d0e01b9e679902e7a6b5"
  version = "v1.0.0"

[[projects]]
  digest = "1:b8ba23b0b493e601d5ebaf21079bd3433eb304a5d73c0fb40b8aea526e94f46b"
  name = "github.com/hashicorp/go-msgpack"
  packages = ["codec"]
  pruneopts = "UT"
  revision = "be3a5be7ee2202386d02936a19ae4fbde1c77800"
  version = "v0.5.3"

[[projects]]
  digest = "1:f668349b83f7d779567c880550534addeca7ebadfdcf44b0b9c39be61864b4b7"
  name = "github.com/hashicorp/go-multierror"
  packages = ["."]
  pruneopts = "UT"
  revision = "886a7fbe3eb1c874d46f623bfa70af45f425b3d1"
  version = "v1.0.0"

[[projects]]
  digest = "1:8abc57884881876d02f467bb7d4ed7ce3a58dac3f8f7ba60579ce4ffc6afd7e1"
  name = "github.com/hashicorp/go-sockaddr"
  packages = ["."]
  pruneopts = "UT"
  revision = "c7188e74f6acae5a989bdc959aa779f8b9f42faf"
  version = "v1.0.2"

[[projects]]
  digest = "1:67474f760e9ac3799f740db2c489e6423a4cde45520673ec123ac831ad849cb8"
  name = "github.com/hashicorp/golang-lru"
  packages = ["simplelru"]
  pruneopts = "UT"
  revision = "7087cb70de9f7a8bc0a10c375cb0d2280a8edf9c"
  version = "v0.5.1"

[[projects]]
  digest = "1:16ae35b3a854c667baaf55ff5d455c486f7c2baf040a2727f2ef0e4b096b2a95"
  name = "github.com/hashicorp/logutils"
  packages = ["."]
  pruneopts = "UT"
  revision = "a335183dfd075f638afcc820c90591ca3c97eba6"
  version = "v1.0.0"

[[projects]]
  digest = "1:c839c9a399b78daeff75848565aff9ece9a389e50b77926065b6e504ed088bb5"
  name = "github.com/hashicorp/memberlist"
  packages = ["."]
  pruneopts = "UT"
  revision = "a9da52f0668fc4321ec18e9e28dd8141621a808f"
  version = "v0.1.3"

[[projects]]
  digest = "1:4c195ae33dbe8df4eb3485f3357788f47b614547abcd048cbcc59d9025db6b8d"
  name = "github.com/miekg/dns"
  packages = ["."]
  pruneopts = "UT"
  revision = "cc8cd02140663157ce797c6650488d6c8563f31f"
  version = "v1.1.6"

[[projects]]
  branch = "master"
  digest = "1:3bf17a6e6eaa6ad24152148a631d18662f7212e21637c2699bff3369b7f00fa2"
  name = "github.com/petar/GoLLRB"
  packages = ["llrb"]
  pruneopts = "UT"
  revision = "53be0d36a84c2a886ca057d34b6aa4468df9ccb4"

[[projects]]
  digest = "1:cf31692c14422fa27c83a05292eb5cbe0fb2775972e8f1f8446a71549bd8980b"
  name = "github.com/pkg/errors"
  packages = ["."]
  pruneopts = "UT"
  revision = "ba968bfe8b2f7e042a574c888954fccecfa385b4"
  version = "v0.8.1"

[[projects]]
  branch = "master"
  digest = "1:579c4bbcc2e16d4caf871ba91c0e2c331b07c5560c80d142d82c0de01c57fa96"
  name = "github.com/sean-/seed"
  packages = ["."]
  pruneopts = "UT"
  revision = "e2103e2c35297fb7e17febb81e49b312087a2372"

[[projects]]
  digest = "1:3810ea14d85aabc511e032f8c817e4f2276af72ea4346f223725e0aaaf1f5c10"
  name = "github.com/vmihailenco/msgpack"
  packages = [
    ".",
    "codes",
  ]
  pruneopts = "UT"
  revision = "b962d79429a3c5135cca9ed528943f1551ec04df"
  version = "v4.0.2"

[[projects]]
  branch = "master"
  digest = "1:d5891c5bca9c62e5d394ca26491d2b710a1dc08cedeb0ca8f9ac4c3305120b02"
  name = "golang.org/x/crypto"
  packages = [
    "ed25519",
    "ed25519/internal/edwards25519",
  ]
  pruneopts = "UT"
  revision = "a1f597ede03a7bef967a422b5b3a5bd08805a01e"

[[projects]]
  branch = "master"
  digest = "1:efd6d77a475d93a867b35e6440c940c84cea180befd33fb73e9e72074104f14b"
  name = "golang.org/x/net"
  packages = [
    "bpf",
    "context",
    "internal/iana",
    "internal/socket",
    "ipv4",
    "ipv6",
  ]
  pruneopts = "UT"
  revision = "9f648a60d9775ef5c977e7669d1673a7a67bef33"

[[projects]]
  branch = "master"
  digest = "1:b521f10a2d8fa85c04a8ef4e62f2d1e14d303599a55d64dabf9f5a02f84d35eb"
  name = "golang.org/x/sync"
  packages = ["errgroup"]
  pruneopts = "UT"
  revision = "e225da77a7e68af35c70ccbf71af2b83e6acac3c"

[[projects]]
  branch = "master"
  digest = "1:f36c7b9a36158e62ffe5d8b02d1b5955500c13106cdaeebf5323d88863cae96f"
  name = "golang.org/x/sys"
  packages = ["unix"]
  pruneopts = "UT"
  revision = "fead79001313d15903fb4605b4a1b781532cd93e"

[[projects]]
  digest = "1:56dfffc6e6ceeaebb6db73e02a846a92a850c53130078682993bd028a2ef717d"
  name = "google.golang.org/appengine"
  packages = [
    ".",
    "datastore",
    "internal",
    "internal/app_identity",
    "internal/base",
    "internal/datastore",
    "internal/log",
    "internal/modules",
    "internal/remote_api",
  ]
  pruneopts = "UT"
  revision = "e9657d882bb81064595ca3b56cbe2546bbabf7b1"
  version = "v1.4.0"

[solve-meta]
  analyzer-name = "dep"
  analyzer-version = 1
  input-imports = [
    "github.com/BurntSushi/toml",
    "github.com/buraksezer/consistent",
    "github.com/buraksezer/pool",
    "github.com/cespare/xxhash",
    "github.com/chzyer/readline",
    "github.com/hashicorp/go-multierror",
    "github.com/hashicorp/logutils",
    "github.com/hashicorp/memberlist",
    "github.com/pkg/errors",
    "github.com/sean-/seed",
    "github.com/vmihailenco/msgpack",
    "golang.org/x/sync/errgroup",
  ]
  solver-name = "gps-cdcl"
  solver-version = 1
